
Microsoft Visual Studio Solution File, Format Version 12.00
# Visual Studio Version 16
VisualStudioVersion = 16.0.30717.126
MinimumVisualStudioVersion = 10.0.40219.1
Project("{FAE04EC0-301F-11D3-BF4B-00C04F79EFBC}") = "LoaddataDtgSourcodester", "LoaddataDtgSourcodester\LoaddataDtgSourcodester.csproj", "{FA24E56E-7CD9-48F5-8F96-ED947B5537E5}"
EndProject
Global
	GlobalSection(SolutionConfigurationPlatforms) = preSolution
		Debug|Any CPU = Debug|Any CPU
		Release|Any CPU = Release|Any CPU
	EndGlobalSection
	GlobalSection(ProjectConfigurationPlatforms) = postSolution
		{FA24E56E-7CD9-48F5-8F96-ED947B5537E5}.Debug|Any CPU.ActiveCfg = Debug|Any CPU
		{FA24E56E-7CD9-48F5-8F96-ED947B5537E5}.Debug|Any CPU.Build.0 = Debug|Any CPU
		{FA24E56E-7CD9-48F5-8F96-ED947B5537E5}.Release|Any CPU.ActiveCfg = Release|Any CPU
		{FA24E56E-7CD9-48F5-8F96-ED947B5537E5}.Release|Any CPU.Build.0 = Release|Any CPU
	EndGlobalSection
	GlobalSection(SolutionProperties) = preSolution
		HideSolutionNode = FALSE
	EndGlobalSection
	GlobalSection(ExtensibilityGlobals) = postSolution
		SolutionGuid = {3640E288-2886-4CB8-A51B-DF32E1DBF6CC}
	EndGlobalSection
EndGlobal
